
Microsoft Visual Studio Solution File, Format Version 12.00
Project("{FAE04EC0-301F-11D3-BF4B-00C04F79EFBC}") = "MarsRover1", "MarsRover1\MarsRover1.csproj", "{0A51B351-C79B-4B61-AB07-4405277EB40B}"
EndProject
Project("{FAE04EC0-301F-11D3-BF4B-00C04F79EFBC}") = "MarsRoverTests", "MarsRoverTests\MarsRoverTests.csproj", "{2D752149-68CB-427A-8CAB-81564500DFAD}"
EndProject
Project("{FAE04EC0-301F-11D3-BF4B-00C04F79EFBC}") = "MarsRover2", "MarsRover2\MarsRover2.csproj", "{5B54BBDE-25EF-4A43-AD1D-EA1B28A07A94}"
EndProject
Project("{FAE04EC0-301F-11D3-BF4B-00C04F79EFBC}") = "MarsRover4", "MarsRover4\MarsRover4.csproj", "{0D6991E9-2EE6-4822-B2E4-86AFDF8906CC}"
EndProject
Global
	GlobalSection(SolutionConfigurationPlatforms) = preSolution
		Debug|Any CPU = Debug|Any CPU
		Release|Any CPU = Release|Any CPU
	EndGlobalSection
	GlobalSection(ProjectConfigurationPlatforms) = postSolution
		{0A51B351-C79B-4B61-AB07-4405277EB40B}.Debug|Any CPU.ActiveCfg = Debug|Any CPU
		{0A51B351-C79B-4B61-AB07-4405277EB40B}.Debug|Any CPU.Build.0 = Debug|Any CPU
		{0A51B351-C79B-4B61-AB07-4405277EB40B}.Release|Any CPU.ActiveCfg = Release|Any CPU
		{0A51B351-C79B-4B61-AB07-4405277EB40B}.Release|Any CPU.Build.0 = Release|Any CPU
		{2D752149-68CB-427A-8CAB-81564500DFAD}.Debug|Any CPU.ActiveCfg = Debug|Any CPU
		{2D752149-68CB-427A-8CAB-81564500DFAD}.Debug|Any CPU.Build.0 = Debug|Any CPU
		{2D752149-68CB-427A-8CAB-81564500DFAD}.Release|Any CPU.ActiveCfg = Release|Any CPU
		{2D752149-68CB-427A-8CAB-81564500DFAD}.Release|Any CPU.Build.0 = Release|Any CPU
		{5B54BBDE-25EF-4A43-AD1D-EA1B28A07A94}.Debug|Any CPU.ActiveCfg = Debug|Any CPU
		{5B54BBDE-25EF-4A43-AD1D-EA1B28A07A94}.Debug|Any CPU.Build.0 = Debug|Any CPU
		{5B54BBDE-25EF-4A43-AD1D-EA1B28A07A94}.Release|Any CPU.ActiveCfg = Release|Any CPU
		{5B54BBDE-25EF-4A43-AD1D-EA1B28A07A94}.Release|Any CPU.Build.0 = Release|Any CPU
		{0D6991E9-2EE6-4822-B2E4-86AFDF8906CC}.Debug|Any CPU.ActiveCfg = Debug|Any CPU
		{0D6991E9-2EE6-4822-B2E4-86AFDF8906CC}.Debug|Any CPU.Build.0 = Debug|Any CPU
		{0D6991E9-2EE6-4822-B2E4-86AFDF8906CC}.Release|Any CPU.ActiveCfg = Release|Any CPU
		{0D6991E9-2EE6-4822-B2E4-86AFDF8906CC}.Release|Any CPU.Build.0 = Release|Any CPU
	EndGlobalSection
EndGlobal
